
Microsoft Visual Studio Solution File, Format Version 12.00
# Visual Studio Version 16
VisualStudioVersion = 16.0.32630.194
MinimumVisualStudioVersion = 10.0.40219.1
Project("{FAE04EC0-301F-11D3-BF4B-00C04F79EFBC}") = "semana14", "semana14.csproj", "{13DA2B87-1D8A-4BA6-A968-FC38C8650719}"
EndProject
Global
	GlobalSection(SolutionConfigurationPlatforms) = preSolution
		Debug|Any CPU = Debug|Any CPU
		Release|Any CPU = Release|Any CPU
	EndGlobalSection
	GlobalSection(ProjectConfigurationPlatforms) = postSolution
		{13DA2B87-1D8A-4BA6-A968-FC38C8650719}.Debug|Any CPU.ActiveCfg = Debug|Any CPU
		{13DA2B87-1D8A-4BA6-A968-FC38C8650719}.Debug|Any CPU.Build.0 = Debug|Any CPU
		{13DA2B87-1D8A-4BA6-A968-FC38C8650719}.Release|Any CPU.ActiveCfg = Release|Any CPU
		{13DA2B87-1D8A-4BA6-A968-FC38C8650719}.Release|Any CPU.Build.0 = Release|Any CPU
	EndGlobalSection
	GlobalSection(SolutionProperties) = preSolution
		HideSolutionNode = FALSE
	EndGlobalSection
	GlobalSection(ExtensibilityGlobals) = postSolution
		SolutionGuid = {0F517C25-04D4-4A68-B61B-A3F97B44C700}
	EndGlobalSection
EndGlobal
